
Microsoft Visual Studio Solution File, Format Version 12.00
# Visual Studio Version 16
VisualStudioVersion = 16.0.31005.135
MinimumVisualStudioVersion = 10.0.40219.1
Project("{FAE04EC0-301F-11D3-BF4B-00C04F79EFBC}") = "MyGame", "MyGame\MyGame.csproj", "{2EDAA33B-032B-40B3-9894-12998DFB12C7}"
EndProject
Global
	GlobalSection(SolutionConfigurationPlatforms) = preSolution
		Debug|Any CPU = Debug|Any CPU
		Release|Any CPU = Release|Any CPU
	EndGlobalSection
	GlobalSection(ProjectConfigurationPlatforms) = postSolution
		{2EDAA33B-032B-40B3-9894-12998DFB12C7}.Debug|Any CPU.ActiveCfg = Debug|Any CPU
		{2EDAA33B-032B-40B3-9894-12998DFB12C7}.Debug|Any CPU.Build.0 = Debug|Any CPU
		{2EDAA33B-032B-40B3-9894-12998DFB12C7}.Release|Any CPU.ActiveCfg = Release|Any CPU
		{2EDAA33B-032B-40B3-9894-12998DFB12C7}.Release|Any CPU.Build.0 = Release|Any CPU
	EndGlobalSection
	GlobalSection(SolutionProperties) = preSolution
		HideSolutionNode = FALSE
	EndGlobalSection
	GlobalSection(ExtensibilityGlobals) = postSolution
		SolutionGuid = {9C3FC024-CC45-428D-A969-816AB7876211}
	EndGlobalSection
EndGlobal
